// !$*UTF8*$!
{
	archiveVersion = 1;
	classes = {
	};
	objectVersion = 50;
	objects = {

/* Begin PBXBuildFile section */
		0C3E8E65258C4BE000A64C9B /* detalheViagemiPad.png in Resources */ = {isa = PBXBuildFile; fileRef = 0C3E8E64258C4BE000A64C9B /* detalheViagemiPad.png */; };
		0C3E8E67258C4C6600A64C9B /* pacotesViagemiPad.png in Resources */ = {isa = PBXBuildFile; fileRef = 0C3E8E66258C4C6600A64C9B /* pacotesViagemiPad.png */; };
		0C3E8E69258C4C9500A64C9B /* procurariPad.png in Resources */ = {isa = PBXBuildFile; fileRef = 0C3E8E68258C4C9500A64C9B /* procurariPad.png */; };
		0C5C24B72583157D00AC382D /* DetalheViagemViewController.swift in Sources */ = {isa = PBXBuildFile; fileRef = 0C5C24B62583157D00AC382D /* DetalheViagemViewController.swift */; };
		0C5C24B9258315BE00AC382D /* PacoteViagem.swift in Sources */ = {isa = PBXBuildFile; fileRef = 0C5C24B8258315BE00AC382D /* PacoteViagem.swift */; };
		0C76B99D258AF4130018177D /* PacoteViagemCollectionViewCell.swift in Sources */ = {isa = PBXBuildFile; fileRef = 0C76B99C258AF4130018177D /* PacoteViagemCollectionViewCell.swift */; };
		0C7A3EE1257B2DD00000CC55 /* Viagem.swift in Sources */ = {isa = PBXBuildFile; fileRef = 0C7A3EE0257B2DD00000CC55 /* Viagem.swift */; };
		0C7A3EE5257B31F60000CC55 /* TableViewCell.swift in Sources */ = {isa = PBXBuildFile; fileRef = 0C7A3EE4257B31F60000CC55 /* TableViewCell.swift */; };
		0C7B3970257C45F4009AEE03 /* ViagemDAO.swift in Sources */ = {isa = PBXBuildFile; fileRef = 0C7B396F257C45F4009AEE03 /* ViagemDAO.swift */; };
		0CAB57AB25830FA100F3BAF2 /* PacoteViagemDAO.swift in Sources */ = {isa = PBXBuildFile; fileRef = 0CAB57AA25830FA100F3BAF2 /* PacoteViagemDAO.swift */; };
		0CAEE9672583A5D800D8B50C /* icon_back.png in Resources */ = {isa = PBXBuildFile; fileRef = 0CAEE9562583A5D800D8B50C /* icon_back.png */; };
		0CAEE9682583A5D800D8B50C /* icon_search@2x.png in Resources */ = {isa = PBXBuildFile; fileRef = 0CAEE9572583A5D800D8B50C /* icon_search@2x.png */; };
		0CAEE9692583A5D800D8B50C /* icon_package@2x.png in Resources */ = {isa = PBXBuildFile; fileRef = 0CAEE9582583A5D800D8B50C /* icon_package@2x.png */; };
		0CAEE96A2583A5D800D8B50C /* img9.jpg in Resources */ = {isa = PBXBuildFile; fileRef = 0CAEE9592583A5D800D8B50C /* img9.jpg */; };
		0CAEE96B2583A5D800D8B50C /* img8.jpg in Resources */ = {isa = PBXBuildFile; fileRef = 0CAEE95A2583A5D800D8B50C /* img8.jpg */; };
		0CAEE96C2583A5D800D8B50C /* icon_airplane.png in Resources */ = {isa = PBXBuildFile; fileRef = 0CAEE95B2583A5D800D8B50C /* icon_airplane.png */; };
		0CAEE96D2583A5D800D8B50C /* img5.jpg in Resources */ = {isa = PBXBuildFile; fileRef = 0CAEE95C2583A5D800D8B50C /* img5.jpg */; };
		0CAEE96E2583A5D800D8B50C /* img4.jpg in Resources */ = {isa = PBXBuildFile; fileRef = 0CAEE95D2583A5D800D8B50C /* img4.jpg */; };
		0CAEE96F2583A5D800D8B50C /* img6.jpg in Resources */ = {isa = PBXBuildFile; fileRef = 0CAEE95E2583A5D800D8B50C /* img6.jpg */; };
		0CAEE9702583A5D800D8B50C /* img7.jpg in Resources */ = {isa = PBXBuildFile; fileRef = 0CAEE95F2583A5D800D8B50C /* img7.jpg */; };
		0CAEE9712583A5D800D8B50C /* img3.jpg in Resources */ = {isa = PBXBuildFile; fileRef = 0CAEE9602583A5D800D8B50C /* img3.jpg */; };
		0CAEE9722583A5D800D8B50C /* img2.jpg in Resources */ = {isa = PBXBuildFile; fileRef = 0CAEE9612583A5D800D8B50C /* img2.jpg */; };
		0CAEE9732583A5D800D8B50C /* icon_breakfast.png in Resources */ = {isa = PBXBuildFile; fileRef = 0CAEE9622583A5D800D8B50C /* icon_breakfast.png */; };
		0CAEE9742583A5D800D8B50C /* img1.png in Resources */ = {isa = PBXBuildFile; fileRef = 0CAEE9632583A5D800D8B50C /* img1.png */; };
		0CAEE9752583A5D800D8B50C /* img11.jpg in Resources */ = {isa = PBXBuildFile; fileRef = 0CAEE9642583A5D800D8B50C /* img11.jpg */; };
		0CAEE9762583A5D800D8B50C /* img10.jpg in Resources */ = {isa = PBXBuildFile; fileRef = 0CAEE9652583A5D800D8B50C /* img10.jpg */; };
		0CAEE9772583A5D800D8B50C /* icon_hotel.png in Resources */ = {isa = PBXBuildFile; fileRef = 0CAEE9662583A5D800D8B50C /* icon_hotel.png */; };
		0CC087A6257DBD1200898458 /* PacotesViagensViewController.swift in Sources */ = {isa = PBXBuildFile; fileRef = 0CC087A5257DBD1200898458 /* PacotesViagensViewController.swift */; };
		0CE05E432586F3B2005A295E /* procurar.png in Resources */ = {isa = PBXBuildFile; fileRef = 0CE05E422586F3B2005A295E /* procurar.png */; };
		0CE05E4B2586F57D005A295E /* README.md in Resources */ = {isa = PBXBuildFile; fileRef = 0CE05E4A2586F57D005A295E /* README.md */; };
		0CE19B0825885269008667CC /* ConfirmacaoPagamentoViewController.swift in Sources */ = {isa = PBXBuildFile; fileRef = 0CE19B0725885269008667CC /* ConfirmacaoPagamentoViewController.swift */; };
		0CE690372579C1C700B09376 /* AppDelegate.swift in Sources */ = {isa = PBXBuildFile; fileRef = 0CE690362579C1C700B09376 /* AppDelegate.swift */; };
		0CE690392579C1C700B09376 /* SceneDelegate.swift in Sources */ = {isa = PBXBuildFile; fileRef = 0CE690382579C1C700B09376 /* SceneDelegate.swift */; };
		0CE6903B2579C1C700B09376 /* ViewController.swift in Sources */ = {isa = PBXBuildFile; fileRef = 0CE6903A2579C1C700B09376 /* ViewController.swift */; };
		0CE6903E2579C1C700B09376 /* Main.storyboard in Resources */ = {isa = PBXBuildFile; fileRef = 0CE6903C2579C1C700B09376 /* Main.storyboard */; };
		0CE690402579C1C800B09376 /* Assets.xcassets in Resources */ = {isa = PBXBuildFile; fileRef = 0CE6903F2579C1C800B09376 /* Assets.xcassets */; };
		0CE690432579C1C800B09376 /* LaunchScreen.storyboard in Resources */ = {isa = PBXBuildFile; fileRef = 0CE690412579C1C800B09376 /* LaunchScreen.storyboard */; };
		0CF96A412589A4B300160B2E /* pacotesViagem.png in Resources */ = {isa = PBXBuildFile; fileRef = 0CF96A3D2589A4B200160B2E /* pacotesViagem.png */; };
		0CF96A482589A65B00160B2E /* confirmacao.png in Resources */ = {isa = PBXBuildFile; fileRef = 0CF96A452589A65B00160B2E /* confirmacao.png */; };
		0CF96A4C2589AB2A00160B2E /* detalheViagem.png in Resources */ = {isa = PBXBuildFile; fileRef = 0CF96A4B2589AB2A00160B2E /* detalheViagem.png */; };
/* End PBXBuildFile section */

/* Begin PBXFileReference section */
		0C3E8E64258C4BE000A64C9B /* detalheViagemiPad.png */ = {isa = PBXFileReference; lastKnownFileType = image.png; path = detalheViagemiPad.png; sourceTree = "<group>"; };
		0C3E8E66258C4C6600A64C9B /* pacotesViagemiPad.png */ = {isa = PBXFileReference; lastKnownFileType = image.png; path = pacotesViagemiPad.png; sourceTree = "<group>"; };
		0C3E8E68258C4C9500A64C9B /* procurariPad.png */ = {isa = PBXFileReference; lastKnownFileType = image.png; path = procurariPad.png; sourceTree = "<group>"; };
		0C5C24B62583157D00AC382D /* DetalheViagemViewController.swift */ = {isa = PBXFileReference; lastKnownFileType = sourcecode.swift; path = DetalheViagemViewController.swift; sourceTree = "<group>"; };
		0C5C24B8258315BE00AC382D /* PacoteViagem.swift */ = {isa = PBXFileReference; lastKnownFileType = sourcecode.swift; path = PacoteViagem.swift; sourceTree = "<group>"; };
		0C76B99C258AF4130018177D /* PacoteViagemCollectionViewCell.swift */ = {isa = PBXFileReference; fileEncoding = 4; lastKnownFileType = sourcecode.swift; path = PacoteViagemCollectionViewCell.swift; sourceTree = "<group>"; };
		0C7A3EE0257B2DD00000CC55 /* Viagem.swift */ = {isa = PBXFileReference; lastKnownFileType = sourcecode.swift; path = Viagem.swift; sourceTree = "<group>"; };
		0C7A3EE4257B31F60000CC55 /* TableViewCell.swift */ = {isa = PBXFileReference; lastKnownFileType = sourcecode.swift; path = TableViewCell.swift; sourceTree = "<group>"; };
		0C7B396F257C45F4009AEE03 /* ViagemDAO.swift */ = {isa = PBXFileReference; lastKnownFileType = sourcecode.swift; path = ViagemDAO.swift; sourceTree = "<group>"; };
		0CAB57AA25830FA100F3BAF2 /* PacoteViagemDAO.swift */ = {isa = PBXFileReference; fileEncoding = 4; lastKnownFileType = sourcecode.swift; path = PacoteViagemDAO.swift; sourceTree = "<group>"; };
		0CAEE9562583A5D800D8B50C /* icon_back.png */ = {isa = PBXFileReference; lastKnownFileType = image.png; path = icon_back.png; sourceTree = "<group>"; };
		0CAEE9572583A5D800D8B50C /* icon_search@2x.png */ = {isa = PBXFileReference; lastKnownFileType = image.png; path = "icon_search@2x.png"; sourceTree = "<group>"; };
		0CAEE9582583A5D800D8B50C /* icon_package@2x.png */ = {isa = PBXFileReference; lastKnownFileType = image.png; path = "icon_package@2x.png"; sourceTree = "<group>"; };
		0CAEE9592583A5D800D8B50C /* img9.jpg */ = {isa = PBXFileReference; lastKnownFileType = image.jpeg; path = img9.jpg; sourceTree = "<group>"; };
		0CAEE95A2583A5D800D8B50C /* img8.jpg */ = {isa = PBXFileReference; lastKnownFileType = image.jpeg; path = img8.jpg; sourceTree = "<group>"; };
		0CAEE95B2583A5D800D8B50C /* icon_airplane.png */ = {isa = PBXFileReference; lastKnownFileType = image.png; path = icon_airplane.png; sourceTree = "<group>"; };
		0CAEE95C2583A5D800D8B50C /* img5.jpg */ = {isa = PBXFileReference; lastKnownFileType = image.jpeg; path = img5.jpg; sourceTree = "<group>"; };
		0CAEE95D2583A5D800D8B50C /* img4.jpg */ = {isa = PBXFileReference; lastKnownFileType = image.jpeg; path = img4.jpg; sourceTree = "<group>"; };
		0CAEE95E2583A5D800D8B50C /* img6.jpg */ = {isa = PBXFileReference; lastKnownFileType = image.jpeg; path = img6.jpg; sourceTree = "<group>"; };
		0CAEE95F2583A5D800D8B50C /* img7.jpg */ = {isa = PBXFileReference; lastKnownFileType = image.jpeg; path = img7.jpg; sourceTree = "<group>"; };
		0CAEE9602583A5D800D8B50C /* img3.jpg */ = {isa = PBXFileReference; lastKnownFileType = image.jpeg; path = img3.jpg; sourceTree = "<group>"; };
		0CAEE9612583A5D800D8B50C /* img2.jpg */ = {isa = PBXFileReference; lastKnownFileType = image.jpeg; path = img2.jpg; sourceTree = "<group>"; };
		0CAEE9622583A5D800D8B50C /* icon_breakfast.png */ = {isa = PBXFileReference; lastKnownFileType = image.png; path = icon_breakfast.png; sourceTree = "<group>"; };
		0CAEE9632583A5D800D8B50C /* img1.png */ = {isa = PBXFileReference; lastKnownFileType = image.png; path = img1.png; sourceTree = "<group>"; };
		0CAEE9642583A5D800D8B50C /* img11.jpg */ = {isa = PBXFileReference; lastKnownFileType = image.jpeg; path = img11.jpg; sourceTree = "<group>"; };
		0CAEE9652583A5D800D8B50C /* img10.jpg */ = {isa = PBXFileReference; lastKnownFileType = image.jpeg; path = img10.jpg; sourceTree = "<group>"; };
		0CAEE9662583A5D800D8B50C /* icon_hotel.png */ = {isa = PBXFileReference; lastKnownFileType = image.png; path = icon_hotel.png; sourceTree = "<group>"; };
		0CC087A5257DBD1200898458 /* PacotesViagensViewController.swift */ = {isa = PBXFileReference; lastKnownFileType = sourcecode.swift; path = PacotesViagensViewController.swift; sourceTree = "<group>"; };
		0CE05E422586F3B2005A295E /* procurar.png */ = {isa = PBXFileReference; lastKnownFileType = image.png; path = procurar.png; sourceTree = "<group>"; };
		0CE05E4A2586F57D005A295E /* README.md */ = {isa = PBXFileReference; lastKnownFileType = net.daringfireball.markdown; path = README.md; sourceTree = "<group>"; };
		0CE19B0725885269008667CC /* ConfirmacaoPagamentoViewController.swift */ = {isa = PBXFileReference; lastKnownFileType = sourcecode.swift; path = ConfirmacaoPagamentoViewController.swift; sourceTree = "<group>"; };
		0CE690332579C1C700B09376 /* Tur Viagens.app */ = {isa = PBXFileReference; explicitFileType = wrapper.application; includeInIndex = 0; path = "Tur Viagens.app"; sourceTree = BUILT_PRODUCTS_DIR; };
		0CE690362579C1C700B09376 /* AppDelegate.swift */ = {isa = PBXFileReference; lastKnownFileType = sourcecode.swift; path = AppDelegate.swift; sourceTree = "<group>"; };
		0CE690382579C1C700B09376 /* SceneDelegate.swift */ = {isa = PBXFileReference; lastKnownFileType = sourcecode.swift; path = SceneDelegate.swift; sourceTree = "<group>"; };
		0CE6903A2579C1C700B09376 /* ViewController.swift */ = {isa = PBXFileReference; lastKnownFileType = sourcecode.swift; path = ViewController.swift; sourceTree = "<group>"; };
		0CE6903D2579C1C700B09376 /* Base */ = {isa = PBXFileReference; lastKnownFileType = file.storyboard; name = Base; path = Base.lproj/Main.storyboard; sourceTree = "<group>"; };
		0CE6903F2579C1C800B09376 /* Assets.xcassets */ = {isa = PBXFileReference; lastKnownFileType = folder.assetcatalog; path = Assets.xcassets; sourceTree = "<group>"; };
		0CE690422579C1C800B09376 /* Base */ = {isa = PBXFileReference; lastKnownFileType = file.storyboard; name = Base; path = Base.lproj/LaunchScreen.storyboard; sourceTree = "<group>"; };
		0CE690442579C1C800B09376 /* Info.plist */ = {isa = PBXFileReference; lastKnownFileType = text.plist.xml; path = Info.plist; sourceTree = "<group>"; };
		0CF96A3D2589A4B200160B2E /* pacotesViagem.png */ = {isa = PBXFileReference; lastKnownFileType = image.png; path = pacotesViagem.png; sourceTree = "<group>"; };
		0CF96A452589A65B00160B2E /* confirmacao.png */ = {isa = PBXFileReference; lastKnownFileType = image.png; path = confirmacao.png; sourceTree = "<group>"; };
		0CF96A4B2589AB2A00160B2E /* detalheViagem.png */ = {isa = PBXFileReference; lastKnownFileType = image.png; path = detalheViagem.png; sourceTree = "<group>"; };
/* End PBXFileReference section */

/* Begin PBXFrameworksBuildPhase section */
		0CE690302579C1C700B09376 /* Frameworks */ = {
			isa = PBXFrameworksBuildPhase;
			buildActionMask = 2147483647;
			files = (
			);
			runOnlyForDeploymentPostprocessing = 0;
		};
/* End PBXFrameworksBuildPhase section */

/* Begin PBXGroup section */
		0C5C24B12583145C00AC382D /* DetalheViagem */ = {
			isa = PBXGroup;
			children = (
				0C5C24B42583154600AC382D /* Controller */,
			);
			path = DetalheViagem;
			sourceTree = "<group>";
		};
		0C5C24B42583154600AC382D /* Controller */ = {
			isa = PBXGroup;
			children = (
				0C5C24B62583157D00AC382D /* DetalheViagemViewController.swift */,
			);
			path = Controller;
			sourceTree = "<group>";
		};
		0C76B99B258AF4130018177D /* View */ = {
			isa = PBXGroup;
			children = (
				0C76B99C258AF4130018177D /* PacoteViagemCollectionViewCell.swift */,
			);
			name = View;
			path = "../../../../../../.Trash/Tur Viagens 23.35.23/Pacotes/View";
			sourceTree = "<group>";
		};
		0C7B3968257C3911009AEE03 /* Model */ = {
			isa = PBXGroup;
			children = (
				0C7A3EE0257B2DD00000CC55 /* Viagem.swift */,
				0C5C24B8258315BE00AC382D /* PacoteViagem.swift */,
			);
			path = Model;
			sourceTree = "<group>";
		};
		0C7B3969257C392A009AEE03 /* Home */ = {
			isa = PBXGroup;
			children = (
				0C7B396C257C396F009AEE03 /* View */,
			);
			path = Home;
			sourceTree = "<group>";
		};
		0C7B396A257C3938009AEE03 /* ViagemDAO */ = {
			isa = PBXGroup;
			children = (
				0CAB57AA25830FA100F3BAF2 /* PacoteViagemDAO.swift */,
				0C7B396F257C45F4009AEE03 /* ViagemDAO.swift */,
			);
			path = ViagemDAO;
			sourceTree = "<group>";
		};
		0C7B396B257C3950009AEE03 /* Controller */ = {
			isa = PBXGroup;
			children = (
				0CE6903A2579C1C700B09376 /* ViewController.swift */,
			);
			path = Controller;
			sourceTree = "<group>";
		};
		0C7B396C257C396F009AEE03 /* View */ = {
			isa = PBXGroup;
			children = (
				0C7A3EE4257B31F60000CC55 /* TableViewCell.swift */,
				0C7B396B257C3950009AEE03 /* Controller */,
			);
			path = View;
			sourceTree = "<group>";
		};
		0CAEE9552583A5D800D8B50C /* Assets */ = {
			isa = PBXGroup;
			children = (
				0CAEE9562583A5D800D8B50C /* icon_back.png */,
				0CAEE9572583A5D800D8B50C /* icon_search@2x.png */,
				0CAEE9582583A5D800D8B50C /* icon_package@2x.png */,
				0CAEE9592583A5D800D8B50C /* img9.jpg */,
				0CAEE95A2583A5D800D8B50C /* img8.jpg */,
				0CAEE95B2583A5D800D8B50C /* icon_airplane.png */,
				0CAEE95C2583A5D800D8B50C /* img5.jpg */,
				0CAEE95D2583A5D800D8B50C /* img4.jpg */,
				0CAEE95E2583A5D800D8B50C /* img6.jpg */,
				0CAEE95F2583A5D800D8B50C /* img7.jpg */,
				0CAEE9602583A5D800D8B50C /* img3.jpg */,
				0CAEE9612583A5D800D8B50C /* img2.jpg */,
				0CAEE9622583A5D800D8B50C /* icon_breakfast.png */,
				0CAEE9632583A5D800D8B50C /* img1.png */,
				0CAEE9642583A5D800D8B50C /* img11.jpg */,
				0CAEE9652583A5D800D8B50C /* img10.jpg */,
				0CAEE9662583A5D800D8B50C /* icon_hotel.png */,
			);
			path = Assets;
			sourceTree = "<group>";
		};
		0CC087A2257DBCA400898458 /* Pacotes */ = {
			isa = PBXGroup;
			children = (
				0C76B99B258AF4130018177D /* View */,
				0CC087A3257DBCBE00898458 /* Controller */,
			);
			path = Pacotes;
			sourceTree = "<group>";
		};
		0CC087A3257DBCBE00898458 /* Controller */ = {
			isa = PBXGroup;
			children = (
				0CC087A5257DBD1200898458 /* PacotesViagensViewController.swift */,
			);
			path = Controller;
			sourceTree = "<group>";
		};
		0CE05E412586F289005A295E /* imagemApp */ = {
			isa = PBXGroup;
			children = (
				0C3E8E64258C4BE000A64C9B /* detalheViagemiPad.png */,
				0C3E8E68258C4C9500A64C9B /* procurariPad.png */,
				0C3E8E66258C4C6600A64C9B /* pacotesViagemiPad.png */,
				0CF96A4B2589AB2A00160B2E /* detalheViagem.png */,
				0CF96A452589A65B00160B2E /* confirmacao.png */,
				0CF96A3D2589A4B200160B2E /* pacotesViagem.png */,
				0CE05E422586F3B2005A295E /* procurar.png */,
			);
			path = imagemApp;
			sourceTree = "<group>";
		};
		0CE19B0425885210008667CC /* ConfirmacaoPagamento */ = {
			isa = PBXGroup;
			children = (
				0CE19B052588523A008667CC /* Controller */,
			);
			path = ConfirmacaoPagamento;
			sourceTree = "<group>";
		};
		0CE19B052588523A008667CC /* Controller */ = {
			isa = PBXGroup;
			children = (
				0CE19B0725885269008667CC /* ConfirmacaoPagamentoViewController.swift */,
			);
			path = Controller;
			sourceTree = "<group>";
		};
		0CE6902A2579C1C700B09376 = {
			isa = PBXGroup;
			children = (
				0CE690352579C1C700B09376 /* Tur Viagens */,
				0CE05E412586F289005A295E /* imagemApp */,
				0CE690342579C1C700B09376 /* Products */,
				0CE05E4A2586F57D005A295E /* README.md */,
			);
			sourceTree = "<group>";
		};
		0CE690342579C1C700B09376 /* Products */ = {
			isa = PBXGroup;
			children = (
				0CE690332579C1C700B09376 /* Tur Viagens.app */,
			);
			name = Products;
			sourceTree = "<group>";
		};
		0CE690352579C1C700B09376 /* Tur Viagens */ = {
			isa = PBXGroup;
			children = (
				0C7B3968257C3911009AEE03 /* Model */,
				0C7B3969257C392A009AEE03 /* Home */,
				0CC087A2257DBCA400898458 /* Pacotes */,
				0C5C24B12583145C00AC382D /* DetalheViagem */,
				0CE19B0425885210008667CC /* ConfirmacaoPagamento */,
				0C7B396A257C3938009AEE03 /* ViagemDAO */,
				0CE690362579C1C700B09376 /* AppDelegate.swift */,
				0CAEE9552583A5D800D8B50C /* Assets */,
				0CE690382579C1C700B09376 /* SceneDelegate.swift */,
				0CE6903C2579C1C700B09376 /* Main.storyboard */,
				0CE6903F2579C1C800B09376 /* Assets.xcassets */,
				0CE690412579C1C800B09376 /* LaunchScreen.storyboard */,
				0CE690442579C1C800B09376 /* Info.plist */,
			);
			path = "Tur Viagens";
			sourceTree = "<group>";
		};
/* End PBXGroup section */

/* Begin PBXNativeTarget section */
		0CE690322579C1C700B09376 /* Tur Viagens */ = {
			isa = PBXNativeTarget;
			buildConfigurationList = 0CE690472579C1C800B09376 /* Build configuration list for PBXNativeTarget "Tur Viagens" */;
			buildPhases = (
				0CE6902F2579C1C700B09376 /* Sources */,
				0CE690302579C1C700B09376 /* Frameworks */,
				0CE690312579C1C700B09376 /* Resources */,
			);
			buildRules = (
			);
			dependencies = (
			);
			name = "Tur Viagens";
			productName = "Tur Viagens";
			productReference = 0CE690332579C1C700B09376 /* Tur Viagens.app */;
			productType = "com.apple.product-type.application";
		};
/* End PBXNativeTarget section */

/* Begin PBXProject section */
		0CE6902B2579C1C700B09376 /* Project object */ = {
			isa = PBXProject;
			attributes = {
				LastSwiftUpdateCheck = 1170;
				LastUpgradeCheck = 1170;
				ORGANIZATIONNAME = "Fabiana Petrovick";
				TargetAttributes = {
					0CE690322579C1C700B09376 = {
						CreatedOnToolsVersion = 11.7;
					};
				};
			};
			buildConfigurationList = 0CE6902E2579C1C700B09376 /* Build configuration list for PBXProject "Tur Viagens" */;
			compatibilityVersion = "Xcode 9.3";
			developmentRegion = en;
			hasScannedForEncodings = 0;
			knownRegions = (
				en,
				Base,
			);
			mainGroup = 0CE6902A2579C1C700B09376;
			productRefGroup = 0CE690342579C1C700B09376 /* Products */;
			projectDirPath = "";
			projectRoot = "";
			targets = (
				0CE690322579C1C700B09376 /* Tur Viagens */,
			);
		};
/* End PBXProject section */

/* Begin PBXResourcesBuildPhase section */
		0CE690312579C1C700B09376 /* Resources */ = {
			isa = PBXResourcesBuildPhase;
			buildActionMask = 2147483647;
			files = (
				0CE690432579C1C800B09376 /* LaunchScreen.storyboard in Resources */,
				0CAEE9712583A5D800D8B50C /* img3.jpg in Resources */,
				0CAEE9692583A5D800D8B50C /* icon_package@2x.png in Resources */,
				0CAEE96F2583A5D800D8B50C /* img6.jpg in Resources */,
				0CE05E4B2586F57D005A295E /* README.md in Resources */,
				0CAEE9682583A5D800D8B50C /* icon_search@2x.png in Resources */,
				0CAEE9772583A5D800D8B50C /* icon_hotel.png in Resources */,
				0C3E8E69258C4C9500A64C9B /* procurariPad.png in Resources */,
				0CF96A482589A65B00160B2E /* confirmacao.png in Resources */,
				0CF96A412589A4B300160B2E /* pacotesViagem.png in Resources */,
				0CAEE9722583A5D800D8B50C /* img2.jpg in Resources */,
				0CE05E432586F3B2005A295E /* procurar.png in Resources */,
				0CAEE9702583A5D800D8B50C /* img7.jpg in Resources */,
				0CAEE9732583A5D800D8B50C /* icon_breakfast.png in Resources */,
				0C3E8E67258C4C6600A64C9B /* pacotesViagemiPad.png in Resources */,
				0CAEE96E2583A5D800D8B50C /* img4.jpg in Resources */,
				0CAEE9762583A5D800D8B50C /* img10.jpg in Resources */,
				0CF96A4C2589AB2A00160B2E /* detalheViagem.png in Resources */,
				0CAEE96C2583A5D800D8B50C /* icon_airplane.png in Resources */,
				0C3E8E65258C4BE000A64C9B /* detalheViagemiPad.png in Resources */,
				0CAEE9742583A5D800D8B50C /* img1.png in Resources */,
				0CAEE96B2583A5D800D8B50C /* img8.jpg in Resources */,
				0CAEE9752583A5D800D8B50C /* img11.jpg in Resources */,
				0CE690402579C1C800B09376 /* Assets.xcassets in Resources */,
				0CAEE96A2583A5D800D8B50C /* img9.jpg in Resources */,
				0CAEE96D2583A5D800D8B50C /* img5.jpg in Resources */,
				0CAEE9672583A5D800D8B50C /* icon_back.png in Resources */,
				0CE6903E2579C1C700B09376 /* Main.storyboard in Resources */,
			);
			runOnlyForDeploymentPostprocessing = 0;
		};
/* End PBXResourcesBuildPhase section */

/* Begin PBXSourcesBuildPhase section */
		0CE6902F2579C1C700B09376 /* Sources */ = {
			isa = PBXSourcesBuildPhase;
			buildActionMask = 2147483647;
			files = (
				0CC087A6257DBD1200898458 /* PacotesViagensViewController.swift in Sources */,
				0C7A3EE1257B2DD00000CC55 /* Viagem.swift in Sources */,
				0C5C24B9258315BE00AC382D /* PacoteViagem.swift in Sources */,
				0CE6903B2579C1C700B09376 /* ViewController.swift in Sources */,
				0CE19B0825885269008667CC /* ConfirmacaoPagamentoViewController.swift in Sources */,
				0C5C24B72583157D00AC382D /* DetalheViagemViewController.swift in Sources */,
				0C7A3EE5257B31F60000CC55 /* TableViewCell.swift in Sources */,
				0C76B99D258AF4130018177D /* PacoteViagemCollectionViewCell.swift in Sources */,
				0CAB57AB25830FA100F3BAF2 /* PacoteViagemDAO.swift in Sources */,
				0C7B3970257C45F4009AEE03 /* ViagemDAO.swift in Sources */,
				0CE690372579C1C700B09376 /* AppDelegate.swift in Sources */,
				0CE690392579C1C700B09376 /* SceneDelegate.swift in Sources */,
			);
			runOnlyForDeploymentPostprocessing = 0;
		};
/* End PBXSourcesBuildPhase section */

/* Begin PBXVariantGroup section */
		0CE6903C2579C1C700B09376 /* Main.storyboard */ = {
			isa = PBXVariantGroup;
			children = (
				0CE6903D2579C1C700B09376 /* Base */,
			);
			name = Main.storyboard;
			sourceTree = "<group>";
		};
		0CE690412579C1C800B09376 /* LaunchScreen.storyboard */ = {
			isa = PBXVariantGroup;
			children = (
				0CE690422579C1C800B09376 /* Base */,
			);
			name = LaunchScreen.storyboard;
			sourceTree = "<group>";
		};
/* End PBXVariantGroup section */

/* Begin XCBuildConfiguration section */
		0CE690452579C1C800B09376 /* Debug */ = {
			isa = XCBuildConfiguration;
			buildSettings = {
				ALWAYS_SEARCH_USER_PATHS = NO;
				CLANG_ANALYZER_NONNULL = YES;
				CLANG_ANALYZER_NUMBER_OBJECT_CONVERSION = YES_AGGRESSIVE;
				CLANG_CXX_LANGUAGE_STANDARD = "gnu++14";
				CLANG_CXX_LIBRARY = "libc++";
				CLANG_ENABLE_MODULES = YES;
				CLANG_ENABLE_OBJC_ARC = YES;
				CLANG_ENABLE_OBJC_WEAK = YES;
				CLANG_WARN_BLOCK_CAPTURE_AUTORELEASING = YES;
				CLANG_WARN_BOOL_CONVERSION = YES;
				CLANG_WARN_COMMA = YES;
				CLANG_WARN_CONSTANT_CONVERSION = YES;
				CLANG_WARN_DEPRECATED_OBJC_IMPLEMENTATIONS = YES;
				CLANG_WARN_DIRECT_OBJC_ISA_USAGE = YES_ERROR;
				CLANG_WARN_DOCUMENTATION_COMMENTS = YES;
				CLANG_WARN_EMPTY_BODY = YES;
				CLANG_WARN_ENUM_CONVERSION = YES;
				CLANG_WARN_INFINITE_RECURSION = YES;
				CLANG_WARN_INT_CONVERSION = YES;
				CLANG_WARN_NON_LITERAL_NULL_CONVERSION = YES;
				CLANG_WARN_OBJC_IMPLICIT_RETAIN_SELF = YES;
				CLANG_WARN_OBJC_LITERAL_CONVERSION = YES;
				CLANG_WARN_OBJC_ROOT_CLASS = YES_ERROR;
				CLANG_WARN_RANGE_LOOP_ANALYSIS = YES;
				CLANG_WARN_STRICT_PROTOTYPES = YES;
				CLANG_WARN_SUSPICIOUS_MOVE = YES;
				CLANG_WARN_UNGUARDED_AVAILABILITY = YES_AGGRESSIVE;
				CLANG_WARN_UNREACHABLE_CODE = YES;
				CLANG_WARN__DUPLICATE_METHOD_MATCH = YES;
				COPY_PHASE_STRIP = NO;
				DEBUG_INFORMATION_FORMAT = dwarf;
				ENABLE_STRICT_OBJC_MSGSEND = YES;
				ENABLE_TESTABILITY = YES;
				GCC_C_LANGUAGE_STANDARD = gnu11;
				GCC_DYNAMIC_NO_PIC = NO;
				GCC_NO_COMMON_BLOCKS = YES;
				GCC_OPTIMIZATION_LEVEL = 0;
				GCC_PREPROCESSOR_DEFINITIONS = (
					"DEBUG=1",
					"$(inherited)",
				);
				GCC_WARN_64_TO_32_BIT_CONVERSION = YES;
				GCC_WARN_ABOUT_RETURN_TYPE = YES_ERROR;
				GCC_WARN_UNDECLARED_SELECTOR = YES;
				GCC_WARN_UNINITIALIZED_AUTOS = YES_AGGRESSIVE;
				GCC_WARN_UNUSED_FUNCTION = YES;
				GCC_WARN_UNUSED_VARIABLE = YES;
				IPHONEOS_DEPLOYMENT_TARGET = 13.7;
				MTL_ENABLE_DEBUG_INFO = INCLUDE_SOURCE;
				MTL_FAST_MATH = YES;
				ONLY_ACTIVE_ARCH = YES;
				SDKROOT = iphoneos;
				SWIFT_ACTIVE_COMPILATION_CONDITIONS = DEBUG;
				SWIFT_OPTIMIZATION_LEVEL = "-Onone";
			};
			name = Debug;
		};
		0CE690462579C1C800B09376 /* Release */ = {
			isa = XCBuildConfiguration;
			buildSettings = {
				ALWAYS_SEARCH_USER_PATHS = NO;
				CLANG_ANALYZER_NONNULL = YES;
				CLANG_ANALYZER_NUMBER_OBJECT_CONVERSION = YES_AGGRESSIVE;
				CLANG_CXX_LANGUAGE_STANDARD = "gnu++14";
				CLANG_CXX_LIBRARY = "libc++";
				CLANG_ENABLE_MODULES = YES;
				CLANG_ENABLE_OBJC_ARC = YES;
				CLANG_ENABLE_OBJC_WEAK = YES;
				CLANG_WARN_BLOCK_CAPTURE_AUTORELEASING = YES;
				CLANG_WARN_BOOL_CONVERSION = YES;
				CLANG_WARN_COMMA = YES;
				CLANG_WARN_CONSTANT_CONVERSION = YES;
				CLANG_WARN_DEPRECATED_OBJC_IMPLEMENTATIONS = YES;
				CLANG_WARN_DIRECT_OBJC_ISA_USAGE = YES_ERROR;
				CLANG_WARN_DOCUMENTATION_COMMENTS = YES;
				CLANG_WARN_EMPTY_BODY = YES;
				CLANG_WARN_ENUM_CONVERSION = YES;
				CLANG_WARN_INFINITE_RECURSION = YES;
				CLANG_WARN_INT_CONVERSION = YES;
				CLANG_WARN_NON_LITERAL_NULL_CONVERSION = YES;
				CLANG_WARN_OBJC_IMPLICIT_RETAIN_SELF = YES;
				CLANG_WARN_OBJC_LITERAL_CONVERSION = YES;
				CLANG_WARN_OBJC_ROOT_CLASS = YES_ERROR;
				CLANG_WARN_RANGE_LOOP_ANALYSIS = YES;
				CLANG_WARN_STRICT_PROTOTYPES = YES;
				CLANG_WARN_SUSPICIOUS_MOVE = YES;
				CLANG_WARN_UNGUARDED_AVAILABILITY = YES_AGGRESSIVE;
				CLANG_WARN_UNREACHABLE_CODE = YES;
				CLANG_WARN__DUPLICATE_METHOD_MATCH = YES;
				COPY_PHASE_STRIP = NO;
				DEBUG_INFORMATION_FORMAT = "dwarf-with-dsym";
				ENABLE_NS_ASSERTIONS = NO;
				ENABLE_STRICT_OBJC_MSGSEND = YES;
				GCC_C_LANGUAGE_STANDARD = gnu11;
				GCC_NO_COMMON_BLOCKS = YES;
				GCC_WARN_64_TO_32_BIT_CONVERSION = YES;
				GCC_WARN_ABOUT_RETURN_TYPE = YES_ERROR;
				GCC_WARN_UNDECLARED_SELECTOR = YES;
				GCC_WARN_UNINITIALIZED_AUTOS = YES_AGGRESSIVE;
				GCC_WARN_UNUSED_FUNCTION = YES;
				GCC_WARN_UNUSED_VARIABLE = YES;
				IPHONEOS_DEPLOYMENT_TARGET = 13.7;
				MTL_ENABLE_DEBUG_INFO = NO;
				MTL_FAST_MATH = YES;
				SDKROOT = iphoneos;
				SWIFT_COMPILATION_MODE = wholemodule;
				SWIFT_OPTIMIZATION_LEVEL = "-O";
				VALIDATE_PRODUCT = YES;
			};
			name = Release;
		};
		0CE690482579C1C800B09376 /* Debug */ = {
			isa = XCBuildConfiguration;
			buildSettings = {
				ASSETCATALOG_COMPILER_APPICON_NAME = AppIcon;
				CODE_SIGN_STYLE = Automatic;
				INFOPLIST_FILE = "Tur Viagens/Info.plist";
				LD_RUNPATH_SEARCH_PATHS = (
					"$(inherited)",
					"@executable_path/Frameworks",
				);
				PRODUCT_BUNDLE_IDENTIFIER = "br.com.fabiana.Tur-Viagens";
				PRODUCT_NAME = "Tur Viagens";
				SWIFT_VERSION = 5.0;
				TARGETED_DEVICE_FAMILY = "1,2";
			};
			name = Debug;
		};
		0CE690492579C1C800B09376 /* Release */ = {
			isa = XCBuildConfiguration;
			buildSettings = {
				ASSETCATALOG_COMPILER_APPICON_NAME = AppIcon;
				CODE_SIGN_STYLE = Automatic;
				INFOPLIST_FILE = "Tur Viagens/Info.plist";
				LD_RUNPATH_SEARCH_PATHS = (
					"$(inherited)",
					"@executable_path/Frameworks",
				);
				PRODUCT_BUNDLE_IDENTIFIER = "br.com.fabiana.Tur-Viagens";
				PRODUCT_NAME = "Tur Viagens";
				SWIFT_VERSION = 5.0;
				TARGETED_DEVICE_FAMILY = "1,2";
			};
			name = Release;
		};
/* End XCBuildConfiguration section */

/* Begin XCConfigurationList section */
		0CE6902E2579C1C700B09376 /* Build configuration list for PBXProject "Tur Viagens" */ = {
			isa = XCConfigurationList;
			buildConfigurations = (
				0CE690452579C1C800B09376 /* Debug */,
				0CE690462579C1C800B09376 /* Release */,
			);
			defaultConfigurationIsVisible = 0;
			defaultConfigurationName = Release;
		};
		0CE690472579C1C800B09376 /* Build configuration list for PBXNativeTarget "Tur Viagens" */ = {
			isa = XCConfigurationList;
			buildConfigurations = (
				0CE690482579C1C800B09376 /* Debug */,
				0CE690492579C1C800B09376 /* Release */,
			);
			defaultConfigurationIsVisible = 0;
			defaultConfigurationName = Release;
		};
/* End XCConfigurationList section */
	};
	rootObject = 0CE6902B2579C1C700B09376 /* Project object */;
}
